# THIS IS AN AUTOGENERATED FILE. DO NOT EDIT THIS FILE DIRECTLY.
# yarn lockfile v1


sam-js@^0.3.1:
  version "0.3.1"
  resolved "https://registry.yarnpkg.com/sam-js/-/sam-js-0.3.1.tgz#576e78e7891213cc091c464fb8db04c7cd9b382f"
  integrity sha512-X4GUr8Q/T8RgtjnPOssSwYDknxot69PgEAVvwsJ4kB8Lz8wytuHB6n1JqsXLmpdKGD8YR9tqKptm07jmw83eWQ==
